// !$*UTF8*$!
{
	archiveVersion = 1;
	classes = {
	};
	objectVersion = 46;
	objects = {

/* Begin PBXBuildFile section */
		65B17C1B1AD6F78300CD2EBF /* main.m in Sources */ = {isa = PBXBuildFile; fileRef = 65B17C1A1AD6F78300CD2EBF /* main.m */; };
		65B17C281AD6F9A500CD2EBF /* iPhone.m in Sources */ = {isa = PBXBuildFile; fileRef = 65B17C271AD6F9A500CD2EBF /* iPhone.m */; };
/* End PBXBuildFile section */

/* Begin PBXCopyFilesBuildPhase section */
		65B17C151AD6F78300CD2EBF /* CopyFiles */ = {
			isa = PBXCopyFilesBuildPhase;
			buildActionMask = 2147483647;
			dstPath = /usr/share/man/man1/;
			dstSubfolderSpec = 0;
			files = (
			);
			runOnlyForDeploymentPostprocessing = 1;
		};
/* End PBXCopyFilesBuildPhase section */

/* Begin PBXFileReference section */
		65B17C171AD6F78300CD2EBF /* Question3 */ = {isa = PBXFileReference; explicitFileType = "compiled.mach-o.executable"; includeInIndex = 0; path = Question3; sourceTree = BUILT_PRODUCTS_DIR; };
		65B17C1A1AD6F78300CD2EBF /* main.m */ = {isa = PBXFileReference; lastKnownFileType = sourcecode.c.objc; path = main.m; sourceTree = "<group>"; };
		65B17C261AD6F9A500CD2EBF /* iPhone.h */ = {isa = PBXFileReference; fileEncoding = 4; lastKnownFileType = sourcecode.c.h; path = iPhone.h; sourceTree = "<group>"; };
		65B17C271AD6F9A500CD2EBF /* iPhone.m */ = {isa = PBXFileReference; fileEncoding = 4; lastKnownFileType = sourcecode.c.objc; path = iPhone.m; sourceTree = "<group>"; };
/* End PBXFileReference section */

/* Begin PBXFrameworksBuildPhase section */
		65B17C141AD6F78300CD2EBF /* Frameworks */ = {
			isa = PBXFrameworksBuildPhase;
			buildActionMask = 2147483647;
			files = (
			);
			runOnlyForDeploymentPostprocessing = 0;
		};
/* End PBXFrameworksBuildPhase section */

/* Begin PBXGroup section */
		65B17C0E1AD6F78300CD2EBF = {
			isa = PBXGroup;
			children = (
				65B17C251AD6F98F00CD2EBF /* Model */,
				65B17C191AD6F78300CD2EBF /* Question3 */,
				65B17C181AD6F78300CD2EBF /* Products */,
			);
			sourceTree = "<group>";
		};
		65B17C181AD6F78300CD2EBF /* Products */ = {
			isa = PBXGroup;
			children = (
				65B17C171AD6F78300CD2EBF /* Question3 */,
			);
			name = Products;
			sourceTree = "<group>";
		};
		65B17C191AD6F78300CD2EBF /* Question3 */ = {
			isa = PBXGroup;
			children = (
				65B17C1A1AD6F78300CD2EBF /* main.m */,
			);
			path = Question3;
			sourceTree = "<group>";
		};
		65B17C251AD6F98F00CD2EBF /* Model */ = {
			isa = PBXGroup;
			children = (
				65B17C261AD6F9A500CD2EBF /* iPhone.h */,
				65B17C271AD6F9A500CD2EBF /* iPhone.m */,
			);
			name = Model;
			sourceTree = "<group>";
		};
/* End PBXGroup section */

/* Begin PBXNativeTarget section */
		65B17C161AD6F78300CD2EBF /* Question3 */ = {
			isa = PBXNativeTarget;
			buildConfigurationList = 65B17C1E1AD6F78300CD2EBF /* Build configuration list for PBXNativeTarget "Question3" */;
			buildPhases = (
				65B17C131AD6F78300CD2EBF /* Sources */,
				65B17C141AD6F78300CD2EBF /* Frameworks */,
				65B17C151AD6F78300CD2EBF /* CopyFiles */,
			);
			buildRules = (
			);
			dependencies = (
			);
			name = Question3;
			productName = Question3;
			productReference = 65B17C171AD6F78300CD2EBF /* Question3 */;
			productType = "com.apple.product-type.tool";
		};
/* End PBXNativeTarget section */

/* Begin PBXProject section */
		65B17C0F1AD6F78300CD2EBF /* Project object */ = {
			isa = PBXProject;
			attributes = {
				LastUpgradeCheck = 0620;
				ORGANIZATIONNAME = "Daniel Kwiatkowski";
				TargetAttributes = {
					65B17C161AD6F78300CD2EBF = {
						CreatedOnToolsVersion = 6.2;
					};
				};
			};
			buildConfigurationList = 65B17C121AD6F78300CD2EBF /* Build configuration list for PBXProject "Question3" */;
			compatibilityVersion = "Xcode 3.2";
			developmentRegion = English;
			hasScannedForEncodings = 0;
			knownRegions = (
				en,
			);
			mainGroup = 65B17C0E1AD6F78300CD2EBF;
			productRefGroup = 65B17C181AD6F78300CD2EBF /* Products */;
			projectDirPath = "";
			projectRoot = "";
			targets = (
				65B17C161AD6F78300CD2EBF /* Question3 */,
			);
		};
/* End PBXProject section */

/* Begin PBXSourcesBuildPhase section */
		65B17C131AD6F78300CD2EBF /* Sources */ = {
			isa = PBXSourcesBuildPhase;
			buildActionMask = 2147483647;
			files = (
				65B17C281AD6F9A500CD2EBF /* iPhone.m in Sources */,
				65B17C1B1AD6F78300CD2EBF /* main.m in Sources */,
			);
			runOnlyForDeploymentPostprocessing = 0;
		};
/* End PBXSourcesBuildPhase section */

/* Begin XCBuildConfiguration section */
		65B17C1C1AD6F78300CD2EBF /* Debug */ = {
			isa = XCBuildConfiguration;
			buildSettings = {
				ALWAYS_SEARCH_USER_PATHS = NO;
				CLANG_CXX_LANGUAGE_STANDARD = "gnu++0x";
				CLANG_CXX_LIBRARY = "libc++";
				CLANG_ENABLE_MODULES = YES;
				CLANG_ENABLE_OBJC_ARC = YES;
				CLANG_WARN_BOOL_CONVERSION = YES;
				CLANG_WARN_CONSTANT_CONVERSION = YES;
				CLANG_WARN_DIRECT_OBJC_ISA_USAGE = YES_ERROR;
				CLANG_WARN_EMPTY_BODY = YES;
				CLANG_WARN_ENUM_CONVERSION = YES;
				CLANG_WARN_INT_CONVERSION = YES;
				CLANG_WARN_OBJC_ROOT_CLASS = YES_ERROR;
				CLANG_WARN_UNREACHABLE_CODE = YES;
				CLANG_WARN__DUPLICATE_METHOD_MATCH = YES;
				COPY_PHASE_STRIP = NO;
				ENABLE_STRICT_OBJC_MSGSEND = YES;
				GCC_C_LANGUAGE_STANDARD = gnu99;
				GCC_DYNAMIC_NO_PIC = NO;
				GCC_OPTIMIZATION_LEVEL = 0;
				GCC_PREPROCESSOR_DEFINITIONS = (
					"DEBUG=1",
					"$(inherited)",
				);
				GCC_SYMBOLS_PRIVATE_EXTERN = NO;
				GCC_WARN_64_TO_32_BIT_CONVERSION = YES;
				GCC_WARN_ABOUT_RETURN_TYPE = YES_ERROR;
				GCC_WARN_UNDECLARED_SELECTOR = YES;
				GCC_WARN_UNINITIALIZED_AUTOS = YES_AGGRESSIVE;
				GCC_WARN_UNUSED_FUNCTION = YES;
				GCC_WARN_UNUSED_VARIABLE = YES;
				MACOSX_DEPLOYMENT_TARGET = 10.9;
				MTL_ENABLE_DEBUG_INFO = YES;
				ONLY_ACTIVE_ARCH = YES;
				SDKROOT = macosx;
			};
			name = Debug;
		};
		65B17C1D1AD6F78300CD2EBF /* Release */ = {
			isa = XCBuildConfiguration;
			buildSettings = {
				ALWAYS_SEARCH_USER_PATHS = NO;
				CLANG_CXX_LANGUAGE_STANDARD = "gnu++0x";
				CLANG_CXX_LIBRARY = "libc++";
				CLANG_ENABLE_MODULES = YES;
				CLANG_ENABLE_OBJC_ARC = YES;
				CLANG_WARN_BOOL_CONVERSION = YES;
				CLANG_WARN_CONSTANT_CONVERSION = YES;
				CLANG_WARN_DIRECT_OBJC_ISA_USAGE = YES_ERROR;
				CLANG_WARN_EMPTY_BODY = YES;
				CLANG_WARN_ENUM_CONVERSION = YES;
				CLANG_WARN_INT_CONVERSION = YES;
				CLANG_WARN_OBJC_ROOT_CLASS = YES_ERROR;
				CLANG_WARN_UNREACHABLE_CODE = YES;
				CLANG_WARN__DUPLICATE_METHOD_MATCH = YES;
				COPY_PHASE_STRIP = NO;
				DEBUG_INFORMATION_FORMAT = "dwarf-with-dsym";
				ENABLE_NS_ASSERTIONS = NO;
				ENABLE_STRICT_OBJC_MSGSEND = YES;
				GCC_C_LANGUAGE_STANDARD = gnu99;
				GCC_WARN_64_TO_32_BIT_CONVERSION = YES;
				GCC_WARN_ABOUT_RETURN_TYPE = YES_ERROR;
				GCC_WARN_UNDECLARED_SELECTOR = YES;
				GCC_WARN_UNINITIALIZED_AUTOS = YES_AGGRESSIVE;
				GCC_WARN_UNUSED_FUNCTION = YES;
				GCC_WARN_UNUSED_VARIABLE = YES;
				MACOSX_DEPLOYMENT_TARGET = 10.9;
				MTL_ENABLE_DEBUG_INFO = NO;
				SDKROOT = macosx;
			};
			name = Release;
		};
		65B17C1F1AD6F78300CD2EBF /* Debug */ = {
			isa = XCBuildConfiguration;
			buildSettings = {
				PRODUCT_NAME = "$(TARGET_NAME)";
			};
			name = Debug;
		};
		65B17C201AD6F78300CD2EBF /* Release */ = {
			isa = XCBuildConfiguration;
			buildSettings = {
				PRODUCT_NAME = "$(TARGET_NAME)";
			};
			name = Release;
		};
/* End XCBuildConfiguration section */

/* Begin XCConfigurationList section */
		65B17C121AD6F78300CD2EBF /* Build configuration list for PBXProject "Question3" */ = {
			isa = XCConfigurationList;
			buildConfigurations = (
				65B17C1C1AD6F78300CD2EBF /* Debug */,
				65B17C1D1AD6F78300CD2EBF /* Release */,
			);
			defaultConfigurationIsVisible = 0;
			defaultConfigurationName = Release;
		};
		65B17C1E1AD6F78300CD2EBF /* Build configuration list for PBXNativeTarget "Question3" */ = {
			isa = XCConfigurationList;
			buildConfigurations = (
				65B17C1F1AD6F78300CD2EBF /* Debug */,
				65B17C201AD6F78300CD2EBF /* Release */,
			);
			defaultConfigurationIsVisible = 0;
		};
/* End XCConfigurationList section */
	};
	rootObject = 65B17C0F1AD6F78300CD2EBF /* Project object */;
}
